{
  "name": "gemini-code-execution-backend",
  "version": "1.0.0",
  "lockfileVersion": 3,
  "requires": true,
  "packages": {
    "": {
      "name": "gemini-code-execution-backend",
      "version": "1.0.0",
      "license": "MIT",
      "dependencies": {
        "gemini-code-execution-backend": "file:"
      }
    },
    "node_modules/gemini-code-execution-backend": {
      "resolved": "",
      "link": true
    }
  }
}
